
Microsoft Visual Studio Solution File, Format Version 12.00
# Visual Studio Version 16
VisualStudioVersion = 16.0.29613.14
MinimumVisualStudioVersion = 10.0.40219.1
Project("{9A19103F-16F7-4668-BE54-9A1E7A4F7556}") = "Monads.Test", "Monads.Test\Monads.Test.csproj", "{B024FBE1-A1C5-4164-8C64-13FE7FA2D888}"
EndProject
Project("{FAE04EC0-301F-11D3-BF4B-00C04F79EFBC}") = "Monads", "Monads\Monads.csproj", "{CD0BE6A7-0150-4A8F-9B7B-9DF1C68B3748}"
EndProject
Global
	GlobalSection(SolutionConfigurationPlatforms) = preSolution
		Debug|Any CPU = Debug|Any CPU
		Release|Any CPU = Release|Any CPU
	EndGlobalSection
	GlobalSection(ProjectConfigurationPlatforms) = postSolution
		{B024FBE1-A1C5-4164-8C64-13FE7FA2D888}.Debug|Any CPU.ActiveCfg = Debug|Any CPU
		{B024FBE1-A1C5-4164-8C64-13FE7FA2D888}.Debug|Any CPU.Build.0 = Debug|Any CPU
		{B024FBE1-A1C5-4164-8C64-13FE7FA2D888}.Release|Any CPU.ActiveCfg = Release|Any CPU
		{B024FBE1-A1C5-4164-8C64-13FE7FA2D888}.Release|Any CPU.Build.0 = Release|Any CPU
		{CD0BE6A7-0150-4A8F-9B7B-9DF1C68B3748}.Debug|Any CPU.ActiveCfg = Debug|Any CPU
		{CD0BE6A7-0150-4A8F-9B7B-9DF1C68B3748}.Debug|Any CPU.Build.0 = Debug|Any CPU
		{CD0BE6A7-0150-4A8F-9B7B-9DF1C68B3748}.Release|Any CPU.ActiveCfg = Release|Any CPU
		{CD0BE6A7-0150-4A8F-9B7B-9DF1C68B3748}.Release|Any CPU.Build.0 = Release|Any CPU
	EndGlobalSection
	GlobalSection(SolutionProperties) = preSolution
		HideSolutionNode = FALSE
	EndGlobalSection
	GlobalSection(ExtensibilityGlobals) = postSolution
		SolutionGuid = {403A4A20-A6F9-4D44-90A9-21F7B1D7BF5B}
	EndGlobalSection
EndGlobal
